{
    "name": "ina-star",
    "version": "1.0.8",
    "lockfileVersion": 3,
    "requires": true,
    "packages": {
        "": {
            "name": "ina-star",
            "version": "1.0.8",
            "license": "MIT",
            "dependencies": {
                "ina-star": "^1.0.0"
            }
        },
        "node_modules/ina-star": {
            "version": "1.0.0",
            "resolved": "https://registry.npmjs.org/ina-star/-/ina-star-1.0.0.tgz",
            "integrity": "sha512-fGj4Wp/qQ9TGgljbCN78WZVozCOO1aAHN0t5YNcOzQKfaGrgBS61hqyQIuSoBCcb8P9KFCnA8lyo1kqgdGewpA=="
        }
    }
}
